<?xml version="1.0" encoding="utf-8"?>
<Project ToolsVersion="4.0" xmlns="http://schemas.microsoft.com/developer/msbuild/2003">
  <ItemGroup>
    <Filter Include="Source Files">
      <UniqueIdentifier>{4FC737F1-C7A5-4376-A066-2A32D752A2FF}</UniqueIdentifier>
      <Extensions>cpp;c;cc;cxx;def;odl;idl;hpj;bat;asm;asmx</Extensions>
    </Filter>
    <Filter Include="Header Files">
      <UniqueIdentifier>{93995380-89BD-4b04-88EB-625FBE52EBFB}</UniqueIdentifier>
      <Extensions>h;hh;hpp;hxx;hm;inl;inc;xsd</Extensions>
    </Filter>
    <Filter Include="Resource Files">
      <UniqueIdentifier>{67DA6AB6-F800-4c08-8B7A-83BB121AAD01}</UniqueIdentifier>
      <Extensions>rc;ico;cur;bmp;dlg;rc2;rct;bin;rgs;gif;jpg;jpeg;jpe;resx;tiff;tif;png;wav;mfcribbon-ms</Extensions>
    </Filter>
    <Filter Include="complie">
      <UniqueIdentifier>{4815a404-06f1-4db3-842c-ad313cdd0e4b}</UniqueIdentifier>
    </Filter>
  </ItemGroup>
  <ItemGroup>
    <ClCompile Include="7_제어문.cpp">
      <Filter>Source Files</Filter>
    </ClCompile>
    <ClCompile Include="8_함수1.cpp">
      <Filter>Source Files</Filter>
    </ClCompile>
    <ClCompile Include="8_함수3.cpp">
      <Filter>Source Files</Filter>
    </ClCompile>
    <ClCompile Include="8_함수2.cpp">
      <Filter>Source Files</Filter>
    </ClCompile>
    <ClCompile Include="실습1.cpp">
      <Filter>Source Files</Filter>
    </ClCompile>
    <ClCompile Include="8_함수4.cpp">
      <Filter>Source Files</Filter>
    </ClCompile>
    <ClCompile Include="8_함수5.cpp">
      <Filter>Source Files</Filter>
    </ClCompile>
    <ClCompile Include="8_함수6.cpp">
      <Filter>Source Files</Filter>
    </ClCompile>
    <ClCompile Include="9_동적메모리할당.cpp">
      <Filter>Source Files</Filter>
    </ClCompile>
    <ClCompile Include="10_참조1.cpp">
      <Filter>Source Files</Filter>
    </ClCompile>
    <ClCompile Include="10_참조2.cpp">
      <Filter>Source Files</Filter>
    </ClCompile>
    <ClCompile Include="실습2.cpp">
      <Filter>Source Files</Filter>
    </ClCompile>
    <ClCompile Include="10_참조3.cpp">
      <Filter>Source Files</Filter>
    </ClCompile>
    <ClCompile Include="실습3.cpp">
      <Filter>Source Files</Filter>
    </ClCompile>
    <ClCompile Include="11_OOP.cpp">
      <Filter>Source Files</Filter>
    </ClCompile>
    <ClCompile Include="11_OOP2.cpp">
      <Filter>Source Files</Filter>
    </ClCompile>
    <ClCompile Include="stack1.cpp">
      <Filter>Source Files</Filter>
    </ClCompile>
    <ClCompile Include="stack2.cpp">
      <Filter>Source Files</Filter>
    </ClCompile>
    <ClCompile Include="stack3.cpp">
      <Filter>Source Files</Filter>
    </ClCompile>
    <ClCompile Include="stack4.cpp">
      <Filter>Source Files</Filter>
    </ClCompile>
    <ClCompile Include="stack5.cpp">
      <Filter>Source Files</Filter>
    </ClCompile>
    <ClCompile Include="stack6.cpp">
      <Filter>Source Files</Filter>
    </ClCompile>
    <ClCompile Include="stack7.cpp">
      <Filter>Source Files</Filter>
    </ClCompile>
    <ClCompile Include="stack8.cpp">
      <Filter>Source Files</Filter>
    </ClCompile>
    <ClCompile Include="Stack.cpp">
      <Filter>Source Files</Filter>
    </ClCompile>
    <ClCompile Include="stack9.cpp">
      <Filter>Source Files</Filter>
    </ClCompile>
    <ClCompile Include="stack10.cpp">
      <Filter>Source Files</Filter>
    </ClCompile>
    <ClCompile Include="main.cpp">
      <Filter>complie</Filter>
    </ClCompile>
    <ClCompile Include="foo.cpp">
      <Filter>complie</Filter>
    </ClCompile>
  </ItemGroup>
  <ItemGroup>
    <ClInclude Include="Stack.h">
      <Filter>Source Files</Filter>
    </ClInclude>
    <ClInclude Include="foo.h">
      <Filter>complie</Filter>
    </ClInclude>
  </ItemGroup>
</Project>