<?xml version="1.0" encoding="utf-8"?>
<Project ToolsVersion="4.0" xmlns="http://schemas.microsoft.com/developer/msbuild/2003">
  <ItemGroup>
    <Filter Include="Source Files">
      <UniqueIdentifier>{4FC737F1-C7A5-4376-A066-2A32D752A2FF}</UniqueIdentifier>
      <Extensions>cpp;c;cc;cxx;def;odl;idl;hpj;bat;asm;asmx</Extensions>
    </Filter>
    <Filter Include="Header Files">
      <UniqueIdentifier>{93995380-89BD-4b04-88EB-625FBE52EBFB}</UniqueIdentifier>
      <Extensions>h;hh;hpp;hxx;hm;inl;inc;xsd</Extensions>
    </Filter>
    <Filter Include="Resource Files">
      <UniqueIdentifier>{67DA6AB6-F800-4c08-8B7A-83BB121AAD01}</UniqueIdentifier>
      <Extensions>rc;ico;cur;bmp;dlg;rc2;rct;bin;rgs;gif;jpg;jpeg;jpe;resx;tiff;tif;png;wav;mfcribbon-ms</Extensions>
    </Filter>
  </ItemGroup>
  <ItemGroup>
    <ClCompile Include="1_상속.cpp">
      <Filter>Source Files</Filter>
    </ClCompile>
    <ClCompile Include="1_상속2.cpp">
      <Filter>Source Files</Filter>
    </ClCompile>
    <ClCompile Include="1_상속3.cpp">
      <Filter>Source Files</Filter>
    </ClCompile>
    <ClCompile Include="1_상속4.cpp">
      <Filter>Source Files</Filter>
    </ClCompile>
    <ClCompile Include="2_upcasting.cpp">
      <Filter>Source Files</Filter>
    </ClCompile>
    <ClCompile Include="2_upcasting2.cpp">
      <Filter>Source Files</Filter>
    </ClCompile>
    <ClCompile Include="2_upcasting3.cpp">
      <Filter>Source Files</Filter>
    </ClCompile>
    <ClCompile Include="참고.cpp">
      <Filter>Source Files</Filter>
    </ClCompile>
    <ClCompile Include="3_가상함수.cpp">
      <Filter>Source Files</Filter>
    </ClCompile>
    <ClCompile Include="4_도형편집기.cpp">
      <Filter>Source Files</Filter>
    </ClCompile>
    <ClCompile Include="4_도형편집기2.cpp">
      <Filter>Source Files</Filter>
    </ClCompile>
    <ClCompile Include="5_추상클래스.cpp">
      <Filter>Source Files</Filter>
    </ClCompile>
    <ClCompile Include="5_추상클래스2.cpp">
      <Filter>Source Files</Filter>
    </ClCompile>
    <ClCompile Include="5_추상클래스3.cpp">
      <Filter>Source Files</Filter>
    </ClCompile>
    <ClCompile Include="6_EditBox.cpp">
      <Filter>Source Files</Filter>
    </ClCompile>
    <ClCompile Include="6_EditBox2.cpp">
      <Filter>Source Files</Filter>
    </ClCompile>
    <ClCompile Include="6_EditBox3.cpp">
      <Filter>Source Files</Filter>
    </ClCompile>
    <ClCompile Include="6_EditBox4.cpp">
      <Filter>Source Files</Filter>
    </ClCompile>
    <ClCompile Include="7_가상함수의원리.cpp">
      <Filter>Source Files</Filter>
    </ClCompile>
    <ClCompile Include="7_가상함수의원리2.cpp">
      <Filter>Source Files</Filter>
    </ClCompile>
    <ClCompile Include="7_가상함수의원리3.cpp">
      <Filter>Source Files</Filter>
    </ClCompile>
    <ClCompile Include="7_가상함수의원리4.cpp">
      <Filter>Source Files</Filter>
    </ClCompile>
    <ClCompile Include="8_가상소멸자.cpp">
      <Filter>Source Files</Filter>
    </ClCompile>
    <ClCompile Include="9_전방선언.cpp">
      <Filter>Source Files</Filter>
    </ClCompile>
    <ClCompile Include="10_캐스팅.cpp">
      <Filter>Source Files</Filter>
    </ClCompile>
    <ClCompile Include="10_캐스팅2.cpp">
      <Filter>Source Files</Filter>
    </ClCompile>
    <ClCompile Include="10_캐스팅3.cpp">
      <Filter>Source Files</Filter>
    </ClCompile>
    <ClCompile Include="11_STL.cpp">
      <Filter>Source Files</Filter>
    </ClCompile>
    <ClCompile Include="11_STL2.cpp">
      <Filter>Source Files</Filter>
    </ClCompile>
    <ClCompile Include="11_STL3.cpp">
      <Filter>Source Files</Filter>
    </ClCompile>
    <ClCompile Include="11_STL4.cpp">
      <Filter>Source Files</Filter>
    </ClCompile>
    <ClCompile Include="11_STL5.cpp">
      <Filter>Source Files</Filter>
    </ClCompile>
  </ItemGroup>
</Project>